
Microsoft Visual Studio Solution File, Format Version 12.00
# Visual Studio Version 17
VisualStudioVersion = 17.0.31903.59
MinimumVisualStudioVersion = 10.0.40219.1
Project("{9A19103F-16F7-4668-BE54-9A1E7A4F7556}") = "MicroService.Client", "MicroService.Client\MicroService.Client.csproj", "{79FA64A8-BA8D-4080-A836-910163C61250}"
EndProject
Project("{9A19103F-16F7-4668-BE54-9A1E7A4F7556}") = "MicroService.Core", "MicroService.Framework\MicroService.Core.csproj", "{C34850C5-D35E-4E89-8FAB-87BAB9438D71}"
EndProject
Project("{9A19103F-16F7-4668-BE54-9A1E7A4F7556}") = "MicroService.Interface", "MicroService.Interface\MicroService.Interface.csproj", "{07A8C6B3-5A8B-4EC4-BBB6-52D5E50E4BF3}"
EndProject
Project("{9A19103F-16F7-4668-BE54-9A1E7A4F7556}") = "MicroService.Model", "MicroService.Model\MicroService.Model.csproj", "{D016DFE9-3CC6-4FB5-900B-4716276FB732}"
EndProject
Project("{9A19103F-16F7-4668-BE54-9A1E7A4F7556}") = "MicroService.Service", "MicroService.Service\MicroService.Service.csproj", "{BCBC1BB4-90C9-456A-A7FD-3EAEFE9CFCFD}"
EndProject
Project("{9A19103F-16F7-4668-BE54-9A1E7A4F7556}") = "MicroService.MinimalAPI", "MicroService.MinimalAPI\MicroService.MinimalAPI.csproj", "{851B4F62-FEB0-48A7-9E60-44294D5C718E}"
EndProject
Project("{2150E333-8FDC-42A3-9474-1A3956D46DE8}") = "Client", "Client", "{0DF82B80-C688-48F0-9353-C2FC214E5A21}"
EndProject
Project("{2150E333-8FDC-42A3-9474-1A3956D46DE8}") = "Microservice", "Microservice", "{D4D02B60-1D11-4B03-8EBA-8AC6B5E38AFD}"
EndProject
Project("{2150E333-8FDC-42A3-9474-1A3956D46DE8}") = "Common", "Common", "{7C549276-ED59-4540-9272-FAD9666CC46B}"
EndProject
Project("{2150E333-8FDC-42A3-9474-1A3956D46DE8}") = "Bussiness", "Bussiness", "{77311A42-B6BF-4493-8573-E4EBE83624F7}"
EndProject
Project("{FAE04EC0-301F-11D3-BF4B-00C04F79EFBC}") = "MicroService.Subscribe", "MicroService.Subscribe\MicroService.Subscribe.csproj", "{87E009DD-B671-4CC2-8318-5120CB49F273}"
EndProject
Global
	GlobalSection(SolutionConfigurationPlatforms) = preSolution
		Debug|Any CPU = Debug|Any CPU
		Release|Any CPU = Release|Any CPU
	EndGlobalSection
	GlobalSection(ProjectConfigurationPlatforms) = postSolution
		{79FA64A8-BA8D-4080-A836-910163C61250}.Debug|Any CPU.ActiveCfg = Debug|Any CPU
		{79FA64A8-BA8D-4080-A836-910163C61250}.Debug|Any CPU.Build.0 = Debug|Any CPU
		{79FA64A8-BA8D-4080-A836-910163C61250}.Release|Any CPU.ActiveCfg = Release|Any CPU
		{79FA64A8-BA8D-4080-A836-910163C61250}.Release|Any CPU.Build.0 = Release|Any CPU
		{C34850C5-D35E-4E89-8FAB-87BAB9438D71}.Debug|Any CPU.ActiveCfg = Debug|Any CPU
		{C34850C5-D35E-4E89-8FAB-87BAB9438D71}.Debug|Any CPU.Build.0 = Debug|Any CPU
		{C34850C5-D35E-4E89-8FAB-87BAB9438D71}.Release|Any CPU.ActiveCfg = Release|Any CPU
		{C34850C5-D35E-4E89-8FAB-87BAB9438D71}.Release|Any CPU.Build.0 = Release|Any CPU
		{07A8C6B3-5A8B-4EC4-BBB6-52D5E50E4BF3}.Debug|Any CPU.ActiveCfg = Debug|Any CPU
		{07A8C6B3-5A8B-4EC4-BBB6-52D5E50E4BF3}.Debug|Any CPU.Build.0 = Debug|Any CPU
		{07A8C6B3-5A8B-4EC4-BBB6-52D5E50E4BF3}.Release|Any CPU.ActiveCfg = Release|Any CPU
		{07A8C6B3-5A8B-4EC4-BBB6-52D5E50E4BF3}.Release|Any CPU.Build.0 = Release|Any CPU
		{D016DFE9-3CC6-4FB5-900B-4716276FB732}.Debug|Any CPU.ActiveCfg = Debug|Any CPU
		{D016DFE9-3CC6-4FB5-900B-4716276FB732}.Debug|Any CPU.Build.0 = Debug|Any CPU
		{D016DFE9-3CC6-4FB5-900B-4716276FB732}.Release|Any CPU.ActiveCfg = Release|Any CPU
		{D016DFE9-3CC6-4FB5-900B-4716276FB732}.Release|Any CPU.Build.0 = Release|Any CPU
		{BCBC1BB4-90C9-456A-A7FD-3EAEFE9CFCFD}.Debug|Any CPU.ActiveCfg = Debug|Any CPU
		{BCBC1BB4-90C9-456A-A7FD-3EAEFE9CFCFD}.Debug|Any CPU.Build.0 = Debug|Any CPU
		{BCBC1BB4-90C9-456A-A7FD-3EAEFE9CFCFD}.Release|Any CPU.ActiveCfg = Release|Any CPU
		{BCBC1BB4-90C9-456A-A7FD-3EAEFE9CFCFD}.Release|Any CPU.Build.0 = Release|Any CPU
		{851B4F62-FEB0-48A7-9E60-44294D5C718E}.Debug|Any CPU.ActiveCfg = Debug|Any CPU
		{851B4F62-FEB0-48A7-9E60-44294D5C718E}.Debug|Any CPU.Build.0 = Debug|Any CPU
		{851B4F62-FEB0-48A7-9E60-44294D5C718E}.Release|Any CPU.ActiveCfg = Release|Any CPU
		{851B4F62-FEB0-48A7-9E60-44294D5C718E}.Release|Any CPU.Build.0 = Release|Any CPU
		{87E009DD-B671-4CC2-8318-5120CB49F273}.Debug|Any CPU.ActiveCfg = Debug|Any CPU
		{87E009DD-B671-4CC2-8318-5120CB49F273}.Debug|Any CPU.Build.0 = Debug|Any CPU
		{87E009DD-B671-4CC2-8318-5120CB49F273}.Release|Any CPU.ActiveCfg = Release|Any CPU
		{87E009DD-B671-4CC2-8318-5120CB49F273}.Release|Any CPU.Build.0 = Release|Any CPU
	EndGlobalSection
	GlobalSection(SolutionProperties) = preSolution
		HideSolutionNode = FALSE
	EndGlobalSection
	GlobalSection(NestedProjects) = preSolution
		{79FA64A8-BA8D-4080-A836-910163C61250} = {0DF82B80-C688-48F0-9353-C2FC214E5A21}
		{C34850C5-D35E-4E89-8FAB-87BAB9438D71} = {7C549276-ED59-4540-9272-FAD9666CC46B}
		{07A8C6B3-5A8B-4EC4-BBB6-52D5E50E4BF3} = {77311A42-B6BF-4493-8573-E4EBE83624F7}
		{D016DFE9-3CC6-4FB5-900B-4716276FB732} = {77311A42-B6BF-4493-8573-E4EBE83624F7}
		{BCBC1BB4-90C9-456A-A7FD-3EAEFE9CFCFD} = {77311A42-B6BF-4493-8573-E4EBE83624F7}
		{851B4F62-FEB0-48A7-9E60-44294D5C718E} = {D4D02B60-1D11-4B03-8EBA-8AC6B5E38AFD}
		{87E009DD-B671-4CC2-8318-5120CB49F273} = {0DF82B80-C688-48F0-9353-C2FC214E5A21}
	EndGlobalSection
	GlobalSection(ExtensibilityGlobals) = postSolution
		SolutionGuid = {5211ACD4-CE7C-4F70-9FC5-ECB88F1BDB53}
	EndGlobalSection
EndGlobal
