
Microsoft Visual Studio Solution File, Format Version 12.00
# Visual Studio Version 17
VisualStudioVersion = 17.1.32421.90
MinimumVisualStudioVersion = 10.0.40219.1
Project("{9A19103F-16F7-4668-BE54-9A1E7A4F7556}") = "MicroService.Common", "Infrastructure\MicroService.Common\MicroService.Common.csproj", "{5441C14D-6FE7-4AAE-9C2D-CC9C7C31668B}"
EndProject
Project("{9A19103F-16F7-4668-BE54-9A1E7A4F7556}") = "MicroService.Model", "Infrastructure\MicroService.Model\MicroService.Model.csproj", "{CC029DD9-2486-46AA-96C4-FA4DC7973636}"
EndProject
Project("{9A19103F-16F7-4668-BE54-9A1E7A4F7556}") = "MicroService.Framework", "Infrastructure\MicroService.Framework\MicroService.Framework.csproj", "{6BD02F44-D544-499C-ACC3-C30DFABCBD47}"
EndProject
Project("{2150E333-8FDC-42A3-9474-1A3956D46DE8}") = "Infrastructure", "Infrastructure", "{507DCFD5-20F5-4E4F-A5D6-D91DBCE42F39}"
EndProject
Project("{2150E333-8FDC-42A3-9474-1A3956D46DE8}") = "ServiceInstance", "ServiceInstance", "{8B6D1C98-AD3C-4E95-95A3-686EB8352CCD}"
EndProject
Project("{9A19103F-16F7-4668-BE54-9A1E7A4F7556}") = "3.UserService.Api", "ServiceInstance\UserService\UserService.Api\3.UserService.Api.csproj", "{2DAAB9B0-3981-48CD-8562-75D83F7FC6B6}"
EndProject
Project("{9A19103F-16F7-4668-BE54-9A1E7A4F7556}") = "2.UserService.Interface", "ServiceInstance\UserService\UserService.Interface\2.UserService.Interface.csproj", "{FC4F9014-2FC2-49B6-899E-B0D5577FA0CC}"
EndProject
Project("{9A19103F-16F7-4668-BE54-9A1E7A4F7556}") = "0.UserService.Model", "ServiceInstance\UserService\UserService.Model\0.UserService.Model.csproj", "{0321892F-98A4-4090-91EF-836C8D0EDC76}"
EndProject
Project("{9A19103F-16F7-4668-BE54-9A1E7A4F7556}") = "1.UserService.Service", "ServiceInstance\UserService\UserService.Service\1.UserService.Service.csproj", "{9D324672-D6B3-4D4F-BA7E-EABF45EA0B4E}"
EndProject
Project("{9A19103F-16F7-4668-BE54-9A1E7A4F7556}") = "4.UserService.Tests", "ServiceInstance\UserService\UserService.Tests\4.UserService.Tests.csproj", "{B2044BEE-8A74-44BF-940F-98530AF94DB7}"
EndProject
Project("{2150E333-8FDC-42A3-9474-1A3956D46DE8}") = "UserService", "UserService", "{4E5ABFDD-5277-4F25-B0D9-F70CBCD2DD6F}"
EndProject
Project("{2150E333-8FDC-42A3-9474-1A3956D46DE8}") = "GatewayService", "GatewayService", "{1A78B4D5-7490-4AD9-B24D-1A1C88C5CCE9}"
EndProject
Project("{FAE04EC0-301F-11D3-BF4B-00C04F79EFBC}") = "OcelotGateway", "ServiceInstance\OcelotGateway\OcelotGateway\OcelotGateway.csproj", "{AC8204D5-F7F7-42B5-9224-774C62334D85}"
EndProject
Global
	GlobalSection(SolutionConfigurationPlatforms) = preSolution
		Debug|Any CPU = Debug|Any CPU
		Release|Any CPU = Release|Any CPU
	EndGlobalSection
	GlobalSection(ProjectConfigurationPlatforms) = postSolution
		{5441C14D-6FE7-4AAE-9C2D-CC9C7C31668B}.Debug|Any CPU.ActiveCfg = Debug|Any CPU
		{5441C14D-6FE7-4AAE-9C2D-CC9C7C31668B}.Debug|Any CPU.Build.0 = Debug|Any CPU
		{5441C14D-6FE7-4AAE-9C2D-CC9C7C31668B}.Release|Any CPU.ActiveCfg = Release|Any CPU
		{5441C14D-6FE7-4AAE-9C2D-CC9C7C31668B}.Release|Any CPU.Build.0 = Release|Any CPU
		{CC029DD9-2486-46AA-96C4-FA4DC7973636}.Debug|Any CPU.ActiveCfg = Debug|Any CPU
		{CC029DD9-2486-46AA-96C4-FA4DC7973636}.Debug|Any CPU.Build.0 = Debug|Any CPU
		{CC029DD9-2486-46AA-96C4-FA4DC7973636}.Release|Any CPU.ActiveCfg = Release|Any CPU
		{CC029DD9-2486-46AA-96C4-FA4DC7973636}.Release|Any CPU.Build.0 = Release|Any CPU
		{6BD02F44-D544-499C-ACC3-C30DFABCBD47}.Debug|Any CPU.ActiveCfg = Debug|Any CPU
		{6BD02F44-D544-499C-ACC3-C30DFABCBD47}.Debug|Any CPU.Build.0 = Debug|Any CPU
		{6BD02F44-D544-499C-ACC3-C30DFABCBD47}.Release|Any CPU.ActiveCfg = Release|Any CPU
		{6BD02F44-D544-499C-ACC3-C30DFABCBD47}.Release|Any CPU.Build.0 = Release|Any CPU
		{2DAAB9B0-3981-48CD-8562-75D83F7FC6B6}.Debug|Any CPU.ActiveCfg = Debug|Any CPU
		{2DAAB9B0-3981-48CD-8562-75D83F7FC6B6}.Debug|Any CPU.Build.0 = Debug|Any CPU
		{2DAAB9B0-3981-48CD-8562-75D83F7FC6B6}.Release|Any CPU.ActiveCfg = Release|Any CPU
		{2DAAB9B0-3981-48CD-8562-75D83F7FC6B6}.Release|Any CPU.Build.0 = Release|Any CPU
		{FC4F9014-2FC2-49B6-899E-B0D5577FA0CC}.Debug|Any CPU.ActiveCfg = Debug|Any CPU
		{FC4F9014-2FC2-49B6-899E-B0D5577FA0CC}.Debug|Any CPU.Build.0 = Debug|Any CPU
		{FC4F9014-2FC2-49B6-899E-B0D5577FA0CC}.Release|Any CPU.ActiveCfg = Release|Any CPU
		{FC4F9014-2FC2-49B6-899E-B0D5577FA0CC}.Release|Any CPU.Build.0 = Release|Any CPU
		{0321892F-98A4-4090-91EF-836C8D0EDC76}.Debug|Any CPU.ActiveCfg = Debug|Any CPU
		{0321892F-98A4-4090-91EF-836C8D0EDC76}.Debug|Any CPU.Build.0 = Debug|Any CPU
		{0321892F-98A4-4090-91EF-836C8D0EDC76}.Release|Any CPU.ActiveCfg = Release|Any CPU
		{0321892F-98A4-4090-91EF-836C8D0EDC76}.Release|Any CPU.Build.0 = Release|Any CPU
		{9D324672-D6B3-4D4F-BA7E-EABF45EA0B4E}.Debug|Any CPU.ActiveCfg = Debug|Any CPU
		{9D324672-D6B3-4D4F-BA7E-EABF45EA0B4E}.Debug|Any CPU.Build.0 = Debug|Any CPU
		{9D324672-D6B3-4D4F-BA7E-EABF45EA0B4E}.Release|Any CPU.ActiveCfg = Release|Any CPU
		{9D324672-D6B3-4D4F-BA7E-EABF45EA0B4E}.Release|Any CPU.Build.0 = Release|Any CPU
		{B2044BEE-8A74-44BF-940F-98530AF94DB7}.Debug|Any CPU.ActiveCfg = Debug|Any CPU
		{B2044BEE-8A74-44BF-940F-98530AF94DB7}.Debug|Any CPU.Build.0 = Debug|Any CPU
		{B2044BEE-8A74-44BF-940F-98530AF94DB7}.Release|Any CPU.ActiveCfg = Release|Any CPU
		{B2044BEE-8A74-44BF-940F-98530AF94DB7}.Release|Any CPU.Build.0 = Release|Any CPU
		{AC8204D5-F7F7-42B5-9224-774C62334D85}.Debug|Any CPU.ActiveCfg = Debug|Any CPU
		{AC8204D5-F7F7-42B5-9224-774C62334D85}.Debug|Any CPU.Build.0 = Debug|Any CPU
		{AC8204D5-F7F7-42B5-9224-774C62334D85}.Release|Any CPU.ActiveCfg = Release|Any CPU
		{AC8204D5-F7F7-42B5-9224-774C62334D85}.Release|Any CPU.Build.0 = Release|Any CPU
	EndGlobalSection
	GlobalSection(SolutionProperties) = preSolution
		HideSolutionNode = FALSE
	EndGlobalSection
	GlobalSection(NestedProjects) = preSolution
		{5441C14D-6FE7-4AAE-9C2D-CC9C7C31668B} = {507DCFD5-20F5-4E4F-A5D6-D91DBCE42F39}
		{CC029DD9-2486-46AA-96C4-FA4DC7973636} = {507DCFD5-20F5-4E4F-A5D6-D91DBCE42F39}
		{6BD02F44-D544-499C-ACC3-C30DFABCBD47} = {507DCFD5-20F5-4E4F-A5D6-D91DBCE42F39}
		{2DAAB9B0-3981-48CD-8562-75D83F7FC6B6} = {4E5ABFDD-5277-4F25-B0D9-F70CBCD2DD6F}
		{FC4F9014-2FC2-49B6-899E-B0D5577FA0CC} = {4E5ABFDD-5277-4F25-B0D9-F70CBCD2DD6F}
		{0321892F-98A4-4090-91EF-836C8D0EDC76} = {4E5ABFDD-5277-4F25-B0D9-F70CBCD2DD6F}
		{9D324672-D6B3-4D4F-BA7E-EABF45EA0B4E} = {4E5ABFDD-5277-4F25-B0D9-F70CBCD2DD6F}
		{B2044BEE-8A74-44BF-940F-98530AF94DB7} = {4E5ABFDD-5277-4F25-B0D9-F70CBCD2DD6F}
		{4E5ABFDD-5277-4F25-B0D9-F70CBCD2DD6F} = {8B6D1C98-AD3C-4E95-95A3-686EB8352CCD}
		{1A78B4D5-7490-4AD9-B24D-1A1C88C5CCE9} = {8B6D1C98-AD3C-4E95-95A3-686EB8352CCD}
		{AC8204D5-F7F7-42B5-9224-774C62334D85} = {1A78B4D5-7490-4AD9-B24D-1A1C88C5CCE9}
	EndGlobalSection
	GlobalSection(ExtensibilityGlobals) = postSolution
		SolutionGuid = {BABAFF40-1A60-4CBB-BBBB-E8829F623F18}
	EndGlobalSection
EndGlobal
