
Microsoft Visual Studio Solution File, Format Version 12.00
# Visual Studio Version 17
VisualStudioVersion = 17.1.32421.90
MinimumVisualStudioVersion = 10.0.40219.1
Project("{9A19103F-16F7-4668-BE54-9A1E7A4F7556}") = "UserService.Api", "UserService.Api\UserService.Api.csproj", "{9DF86D89-7278-4882-A67D-D68F35EA2FBD}"
EndProject
Project("{9A19103F-16F7-4668-BE54-9A1E7A4F7556}") = "UserService.Interface", "UserService.Interface\UserService.Interface.csproj", "{D5FA9004-FDAB-4975-9CC8-C027DDC0F959}"
EndProject
Project("{9A19103F-16F7-4668-BE54-9A1E7A4F7556}") = "UserService.Model", "UserService.Model\UserService.Model.csproj", "{ACDE055F-45BC-4AA9-937D-632CE8A478C4}"
EndProject
Project("{9A19103F-16F7-4668-BE54-9A1E7A4F7556}") = "UserService.Service", "UserService.Service\UserService.Service.csproj", "{DB566DD5-75D3-4FB1-9481-5ACB1AF481D9}"
EndProject
Project("{9A19103F-16F7-4668-BE54-9A1E7A4F7556}") = "UserService.Tests", "UserService.Tests\UserService.Tests.csproj", "{C0BBF13A-719F-40B7-851D-FD27410606F3}"
EndProject
Global
	GlobalSection(SolutionConfigurationPlatforms) = preSolution
		Debug|Any CPU = Debug|Any CPU
		Release|Any CPU = Release|Any CPU
	EndGlobalSection
	GlobalSection(ProjectConfigurationPlatforms) = postSolution
		{9DF86D89-7278-4882-A67D-D68F35EA2FBD}.Debug|Any CPU.ActiveCfg = Debug|Any CPU
		{9DF86D89-7278-4882-A67D-D68F35EA2FBD}.Debug|Any CPU.Build.0 = Debug|Any CPU
		{9DF86D89-7278-4882-A67D-D68F35EA2FBD}.Release|Any CPU.ActiveCfg = Release|Any CPU
		{9DF86D89-7278-4882-A67D-D68F35EA2FBD}.Release|Any CPU.Build.0 = Release|Any CPU
		{D5FA9004-FDAB-4975-9CC8-C027DDC0F959}.Debug|Any CPU.ActiveCfg = Debug|Any CPU
		{D5FA9004-FDAB-4975-9CC8-C027DDC0F959}.Debug|Any CPU.Build.0 = Debug|Any CPU
		{D5FA9004-FDAB-4975-9CC8-C027DDC0F959}.Release|Any CPU.ActiveCfg = Release|Any CPU
		{D5FA9004-FDAB-4975-9CC8-C027DDC0F959}.Release|Any CPU.Build.0 = Release|Any CPU
		{ACDE055F-45BC-4AA9-937D-632CE8A478C4}.Debug|Any CPU.ActiveCfg = Debug|Any CPU
		{ACDE055F-45BC-4AA9-937D-632CE8A478C4}.Debug|Any CPU.Build.0 = Debug|Any CPU
		{ACDE055F-45BC-4AA9-937D-632CE8A478C4}.Release|Any CPU.ActiveCfg = Release|Any CPU
		{ACDE055F-45BC-4AA9-937D-632CE8A478C4}.Release|Any CPU.Build.0 = Release|Any CPU
		{DB566DD5-75D3-4FB1-9481-5ACB1AF481D9}.Debug|Any CPU.ActiveCfg = Debug|Any CPU
		{DB566DD5-75D3-4FB1-9481-5ACB1AF481D9}.Debug|Any CPU.Build.0 = Debug|Any CPU
		{DB566DD5-75D3-4FB1-9481-5ACB1AF481D9}.Release|Any CPU.ActiveCfg = Release|Any CPU
		{DB566DD5-75D3-4FB1-9481-5ACB1AF481D9}.Release|Any CPU.Build.0 = Release|Any CPU
		{C0BBF13A-719F-40B7-851D-FD27410606F3}.Debug|Any CPU.ActiveCfg = Debug|Any CPU
		{C0BBF13A-719F-40B7-851D-FD27410606F3}.Debug|Any CPU.Build.0 = Debug|Any CPU
		{C0BBF13A-719F-40B7-851D-FD27410606F3}.Release|Any CPU.ActiveCfg = Release|Any CPU
		{C0BBF13A-719F-40B7-851D-FD27410606F3}.Release|Any CPU.Build.0 = Release|Any CPU
	EndGlobalSection
	GlobalSection(SolutionProperties) = preSolution
		HideSolutionNode = FALSE
	EndGlobalSection
	GlobalSection(ExtensibilityGlobals) = postSolution
		SolutionGuid = {9D47A8D1-F68C-43BB-95F8-B3785569D02C}
	EndGlobalSection
EndGlobal
